# This file is automatically @generated by Cargo.
# It is not intended for manual editing.
version = 3

[[package]]
name = "bitflags"
version = "1.3.2"
source = "registry+https://github.com/rust-lang/crates.io-index"
checksum = "bef38d45163c2f1dde094a7dfd33ccf595c92905c8f8f4fdc18d06fb1037718a"

[[package]]
name = "bitflags"
version = "2.3.1"
source = "registry+https://github.com/rust-lang/crates.io-index"
checksum = "6776fc96284a0bb647b615056fc496d1fe1644a7ab01829818a6d91cae888b84"

[[package]]
name = "cc"
version = "1.0.79"
source = "registry+https://github.com/rust-lang/crates.io-index"
checksum = "50d30906286121d95be3d479533b458f87493b30a4b5f79a607db8f5d11aa91f"

[[package]]
name = "cfg-if"
version = "1.0.0"
source = "registry+https://github.com/rust-lang/crates.io-index"
checksum = "baf1de4339761588bc0619e3cbc0120ee582ebb74b53b4efbf79117bd2da40fd"

[[package]]
name = "cmake"
version = "0.1.50"
source = "registry+https://github.com/rust-lang/crates.io-index"
checksum = "a31c789563b815f77f4250caee12365734369f942439b7defd71e18a48197130"
dependencies = [
 "cc",
]

[[package]]
name = "cocoa-colors"
version = "0.1.2"
source = "registry+https://github.com/rust-lang/crates.io-index"
checksum = "a7fc3439406f349e0bc20d7de87314803378a535190d12e62991f7c8474d5296"
dependencies = [
 "cc",
]

[[package]]
name = "color-maps"
version = "0.1.0"
source = "registry+https://github.com/rust-lang/crates.io-index"
checksum = "120b737cc99b0d73bf0a9bfa6086e84c0bde3b955851f37f812865bc08b35feb"
dependencies = [
 "lazy_static",
]

[[package]]
name = "crossbeam-channel"
version = "0.5.8"
source = "registry+https://github.com/rust-lang/crates.io-index"
checksum = "a33c2bf77f2df06183c3aa30d1e96c0695a313d4f9c453cc3762a6db39f99200"
dependencies = [
 "cfg-if",
 "crossbeam-utils",
]

[[package]]
name = "crossbeam-utils"
version = "0.8.15"
source = "registry+https://github.com/rust-lang/crates.io-index"
checksum = "3c063cd8cc95f5c377ed0d4b49a4b21f632396ff690e8470c29b3359b346984b"
dependencies = [
 "cfg-if",
]

[[package]]
name = "fltk"
version = "0.1.0"

[[package]]
name = "fltk"
version = "1.2.30"
source = "registry+https://github.com/rust-lang/crates.io-index"
checksum = "3c8e3415a18656b11a20e7e1bd6ae2efbc321bfa4fc4d8624a59942869e16e0b"
dependencies = [
 "bitflags 1.3.2",
 "crossbeam-channel",
 "fltk-sys 1.2.30",
 "paste",
 "ttf-parser 0.14.0",
]

[[package]]
name = "fltk"
version = "1.4.3"
source = "git+https://github.com/fltk-rs/fltk-rs#2bb184adf68b95f84d237daf1dc3c96365967788"
dependencies = [
 "bitflags 2.3.1",
 "crossbeam-channel",
 "fltk-sys 1.4.3",
 "paste",
 "ttf-parser 0.19.0",
]

[[package]]
name = "fltk-sys"
version = "1.2.30"
source = "registry+https://github.com/rust-lang/crates.io-index"
checksum = "dc5f2bc77f2f08fb48bd8625fcb68ce446f36cfce204680416e30774606a4f86"
dependencies = [
 "cmake",
]

[[package]]
name = "fltk-sys"
version = "1.4.3"
source = "git+https://github.com/fltk-rs/fltk-rs#2bb184adf68b95f84d237daf1dc3c96365967788"
dependencies = [
 "cmake",
]

[[package]]
name = "fltk-theme"
version = "0.4.2"
source = "registry+https://github.com/rust-lang/crates.io-index"
checksum = "abee3d9b0ed8bd45d10e4cc279d757ce71c37224482e8377a99906f7be771266"
dependencies = [
 "cocoa-colors",
 "color-maps",
 "fltk 1.2.30",
 "lazy_static",
]

[[package]]
name = "flutter_like"
version = "0.1.0"
dependencies = [
 "fltk 1.4.3",
]

[[package]]
name = "hello_world"
version = "0.1.0"
dependencies = [
 "fltk 1.4.3",
]

[[package]]
name = "lazy_static"
version = "1.4.0"
source = "registry+https://github.com/rust-lang/crates.io-index"
checksum = "e2abad23fbc42b3700f2f279844dc832adb2b2eb069b2df918f455c4e18cc646"

[[package]]
name = "paste"
version = "1.0.12"
source = "registry+https://github.com/rust-lang/crates.io-index"
checksum = "9f746c4065a8fa3fe23974dd82f15431cc8d40779821001404d10d2e79ca7d79"

[[package]]
name = "theme"
version = "0.1.0"
dependencies = [
 "fltk 1.4.3",
 "fltk-theme",
]

[[package]]
name = "ttf-parser"
version = "0.14.0"
source = "registry+https://github.com/rust-lang/crates.io-index"
checksum = "4ccbe8381883510b6a2d8f1e32905bddd178c11caef8083086d0c0c9ab0ac281"

[[package]]
name = "ttf-parser"
version = "0.19.0"
source = "registry+https://github.com/rust-lang/crates.io-index"
checksum = "44dcf002ae3b32cd25400d6df128c5babec3927cd1eb7ce813cfff20eb6c3746"
